
Microsoft Visual Studio Solution File, Format Version 12.00
# Visual Studio 15
VisualStudioVersion = 15.0.35213.121
MinimumVisualStudioVersion = 10.0.40219.1
Project("{FAE04EC0-301F-11D3-BF4B-00C04F79EFBC}") = "2. soru", "2. soru\2. soru.csproj", "{36978A5A-103E-48C5-9C3E-FC108F0485A4}"
EndProject
Global
	GlobalSection(SolutionConfigurationPlatforms) = preSolution
		Debug|Any CPU = Debug|Any CPU
		Release|Any CPU = Release|Any CPU
	EndGlobalSection
	GlobalSection(ProjectConfigurationPlatforms) = postSolution
		{36978A5A-103E-48C5-9C3E-FC108F0485A4}.Debug|Any CPU.ActiveCfg = Debug|Any CPU
		{36978A5A-103E-48C5-9C3E-FC108F0485A4}.Debug|Any CPU.Build.0 = Debug|Any CPU
		{36978A5A-103E-48C5-9C3E-FC108F0485A4}.Release|Any CPU.ActiveCfg = Release|Any CPU
		{36978A5A-103E-48C5-9C3E-FC108F0485A4}.Release|Any CPU.Build.0 = Release|Any CPU
	EndGlobalSection
	GlobalSection(SolutionProperties) = preSolution
		HideSolutionNode = FALSE
	EndGlobalSection
	GlobalSection(ExtensibilityGlobals) = postSolution
		SolutionGuid = {8708B96B-B1A4-43E7-8A4F-CBCB7C37B550}
	EndGlobalSection
EndGlobal
