
Microsoft Visual Studio Solution File, Format Version 12.00
# Visual Studio 15
VisualStudioVersion = 15.0.35213.121
MinimumVisualStudioVersion = 10.0.40219.1
Project("{FAE04EC0-301F-11D3-BF4B-00C04F79EFBC}") = "Abstract soru 2", "Abstract soru 2\Abstract soru 2.csproj", "{04DD5B1D-3244-47BF-BB25-0014D7F84265}"
EndProject
Global
	GlobalSection(SolutionConfigurationPlatforms) = preSolution
		Debug|Any CPU = Debug|Any CPU
		Release|Any CPU = Release|Any CPU
	EndGlobalSection
	GlobalSection(ProjectConfigurationPlatforms) = postSolution
		{04DD5B1D-3244-47BF-BB25-0014D7F84265}.Debug|Any CPU.ActiveCfg = Debug|Any CPU
		{04DD5B1D-3244-47BF-BB25-0014D7F84265}.Debug|Any CPU.Build.0 = Debug|Any CPU
		{04DD5B1D-3244-47BF-BB25-0014D7F84265}.Release|Any CPU.ActiveCfg = Release|Any CPU
		{04DD5B1D-3244-47BF-BB25-0014D7F84265}.Release|Any CPU.Build.0 = Release|Any CPU
	EndGlobalSection
	GlobalSection(SolutionProperties) = preSolution
		HideSolutionNode = FALSE
	EndGlobalSection
	GlobalSection(ExtensibilityGlobals) = postSolution
		SolutionGuid = {FE331DF6-FB8B-4765-A514-D9C19861E0D0}
	EndGlobalSection
EndGlobal
