
Microsoft Visual Studio Solution File, Format Version 12.00
# Visual Studio 15
VisualStudioVersion = 15.0.35213.121
MinimumVisualStudioVersion = 10.0.40219.1
Project("{FAE04EC0-301F-11D3-BF4B-00C04F79EFBC}") = "Abstract soru1", "Abstract soru1\Abstract soru1.csproj", "{28AA7443-1A28-49DC-AAAD-DBB5E838BE92}"
EndProject
Global
	GlobalSection(SolutionConfigurationPlatforms) = preSolution
		Debug|Any CPU = Debug|Any CPU
		Release|Any CPU = Release|Any CPU
	EndGlobalSection
	GlobalSection(ProjectConfigurationPlatforms) = postSolution
		{28AA7443-1A28-49DC-AAAD-DBB5E838BE92}.Debug|Any CPU.ActiveCfg = Debug|Any CPU
		{28AA7443-1A28-49DC-AAAD-DBB5E838BE92}.Debug|Any CPU.Build.0 = Debug|Any CPU
		{28AA7443-1A28-49DC-AAAD-DBB5E838BE92}.Release|Any CPU.ActiveCfg = Release|Any CPU
		{28AA7443-1A28-49DC-AAAD-DBB5E838BE92}.Release|Any CPU.Build.0 = Release|Any CPU
	EndGlobalSection
	GlobalSection(SolutionProperties) = preSolution
		HideSolutionNode = FALSE
	EndGlobalSection
	GlobalSection(ExtensibilityGlobals) = postSolution
		SolutionGuid = {46AE27A2-ACC3-4230-97C7-6B8D7D45D05D}
	EndGlobalSection
EndGlobal
