
Microsoft Visual Studio Solution File, Format Version 12.00
# Visual Studio 15
VisualStudioVersion = 15.0.35213.121
MinimumVisualStudioVersion = 10.0.40219.1
Project("{FAE04EC0-301F-11D3-BF4B-00C04F79EFBC}") = "Abstract soru3", "Abstract soru3\Abstract soru3.csproj", "{A5CB34E4-2F2C-444B-835B-D420C189776C}"
EndProject
Global
	GlobalSection(SolutionConfigurationPlatforms) = preSolution
		Debug|Any CPU = Debug|Any CPU
		Release|Any CPU = Release|Any CPU
	EndGlobalSection
	GlobalSection(ProjectConfigurationPlatforms) = postSolution
		{A5CB34E4-2F2C-444B-835B-D420C189776C}.Debug|Any CPU.ActiveCfg = Debug|Any CPU
		{A5CB34E4-2F2C-444B-835B-D420C189776C}.Debug|Any CPU.Build.0 = Debug|Any CPU
		{A5CB34E4-2F2C-444B-835B-D420C189776C}.Release|Any CPU.ActiveCfg = Release|Any CPU
		{A5CB34E4-2F2C-444B-835B-D420C189776C}.Release|Any CPU.Build.0 = Release|Any CPU
	EndGlobalSection
	GlobalSection(SolutionProperties) = preSolution
		HideSolutionNode = FALSE
	EndGlobalSection
	GlobalSection(ExtensibilityGlobals) = postSolution
		SolutionGuid = {59A21999-E8CD-4592-9668-691938B90D9D}
	EndGlobalSection
EndGlobal
